// !$*UTF8*$!
{
	archiveVersion = 1;
	classes = {
	};
	objectVersion = 46;
	objects = {

/* Begin PBXBuildFile section */
		19BEDFFA1DF18F0E000C9C12 /* Registration.swift in Sources */ = {isa = PBXBuildFile; fileRef = 19BEDFF91DF18F0E000C9C12 /* Registration.swift */; };
		ADA3ECACC295EF69F7405B9B /* Pods_Hyprviscomatic.framework in Frameworks */ = {isa = PBXBuildFile; fileRef = DE1DD5620A911C84B69D73BA /* Pods_Hyprviscomatic.framework */; };
		E2066FA51DD38878006548E9 /* MapSearchViewController.swift in Sources */ = {isa = PBXBuildFile; fileRef = E2066FA41DD38877006548E9 /* MapSearchViewController.swift */; };
		E2320FE61FD408FF00B2AE8E /* PaymentMethodController.swift in Sources */ = {isa = PBXBuildFile; fileRef = E2320FE51FD408FF00B2AE8E /* PaymentMethodController.swift */; };
		E2320FE81FD433B700B2AE8E /* UploadImageController.swift in Sources */ = {isa = PBXBuildFile; fileRef = E2320FE71FD433B700B2AE8E /* UploadImageController.swift */; };
		E23ED1BB1DBE4E5E002BBD8A /* AddBranchViewController.swift in Sources */ = {isa = PBXBuildFile; fileRef = E23ED1BA1DBE4E5E002BBD8A /* AddBranchViewController.swift */; };
		E247AFD71F5332B500876A8E /* TextField.swift in Sources */ = {isa = PBXBuildFile; fileRef = E247AFD61F5332B500876A8E /* TextField.swift */; };
		E24CCE721F530EB800430C17 /* ImageUITextField.swift in Sources */ = {isa = PBXBuildFile; fileRef = E24CCE711F530EB800430C17 /* ImageUITextField.swift */; };
		E259693C1DB90CF600CCF7E8 /* MenuViewController.swift in Sources */ = {isa = PBXBuildFile; fileRef = E259693B1DB90CF600CCF7E8 /* MenuViewController.swift */; };
		E26EDB2D1DD3C82900423847 /* Constants.swift in Sources */ = {isa = PBXBuildFile; fileRef = E26EDB2C1DD3C82900423847 /* Constants.swift */; };
		E26EDB301DD4927A00423847 /* APIHandler.swift in Sources */ = {isa = PBXBuildFile; fileRef = E26EDB2F1DD4927A00423847 /* APIHandler.swift */; };
		E26EDB331DD49B0700423847 /* OrderHistoryViewController.swift in Sources */ = {isa = PBXBuildFile; fileRef = E26EDB321DD49B0700423847 /* OrderHistoryViewController.swift */; };
		E26EDB351DD49B3E00423847 /* Order.swift in Sources */ = {isa = PBXBuildFile; fileRef = E26EDB341DD49B3E00423847 /* Order.swift */; };
		E26EDB371DD4A34300423847 /* Item.swift in Sources */ = {isa = PBXBuildFile; fileRef = E26EDB361DD4A34300423847 /* Item.swift */; };
		E26EDB391DD4AD4C00423847 /* OrderDetailsViewController.swift in Sources */ = {isa = PBXBuildFile; fileRef = E26EDB381DD4AD4C00423847 /* OrderDetailsViewController.swift */; };
		E2B701B61DF8B75200CA9D51 /* CoreData.framework in Frameworks */ = {isa = PBXBuildFile; fileRef = E2B701B51DF8B75200CA9D51 /* CoreData.framework */; };
		E2B701BA1DF8B7BC00CA9D51 /* hyprviscomatic.xcdatamodeld in Sources */ = {isa = PBXBuildFile; fileRef = E2B701B81DF8B7BC00CA9D51 /* hyprviscomatic.xcdatamodeld */; };
		E2BEB4D21DB90E8A00F8764A /* BaseViewController.swift in Sources */ = {isa = PBXBuildFile; fileRef = E2BEB4D11DB90E8A00F8764A /* BaseViewController.swift */; };
		E2BEB4D61DB90F9A00F8764A /* ShoppingCartViewController.swift in Sources */ = {isa = PBXBuildFile; fileRef = E2BEB4D51DB90F9A00F8764A /* ShoppingCartViewController.swift */; };
		E2BEB4D81DBBA72D00F8764A /* DistributorViewController.swift in Sources */ = {isa = PBXBuildFile; fileRef = E2BEB4D71DBBA72D00F8764A /* DistributorViewController.swift */; };
		E2D0954F1E22793100F269F7 /* ProductNameViewController.swift in Sources */ = {isa = PBXBuildFile; fileRef = E2D0954E1E22793100F269F7 /* ProductNameViewController.swift */; };
		E2D095551E23DF9200F269F7 /* TableViewCell.swift in Sources */ = {isa = PBXBuildFile; fileRef = E2D095541E23DF9200F269F7 /* TableViewCell.swift */; };
		E2D095571E23DFB600F269F7 /* ProductsViewController.swift in Sources */ = {isa = PBXBuildFile; fileRef = E2D095561E23DFB600F269F7 /* ProductsViewController.swift */; };
		E2EF90331DC9EC0900B74BE8 /* BranchesViewController.swift in Sources */ = {isa = PBXBuildFile; fileRef = E2EF90321DC9EC0900B74BE8 /* BranchesViewController.swift */; };
		E2EF90351DC9EF9200B74BE8 /* NotifDetailsViewController.swift in Sources */ = {isa = PBXBuildFile; fileRef = E2EF90341DC9EF9200B74BE8 /* NotifDetailsViewController.swift */; };
		E2EF90371DC9F03A00B74BE8 /* NotifViewController.swift in Sources */ = {isa = PBXBuildFile; fileRef = E2EF90361DC9F03A00B74BE8 /* NotifViewController.swift */; };
		E2EF903C1DCBF53B00B74BE8 /* NotificationPost.swift in Sources */ = {isa = PBXBuildFile; fileRef = E2EF903B1DCBF53B00B74BE8 /* NotificationPost.swift */; };
		E2EF90411DCBFB5100B74BE8 /* NotifCell.swift in Sources */ = {isa = PBXBuildFile; fileRef = E2EF90401DCBFB5100B74BE8 /* NotifCell.swift */; };
		E2EF90431DCE3D8A00B74BE8 /* Branch.swift in Sources */ = {isa = PBXBuildFile; fileRef = E2EF90421DCE3D8A00B74BE8 /* Branch.swift */; };
		E2EF90451DCE434700B74BE8 /* User.swift in Sources */ = {isa = PBXBuildFile; fileRef = E2EF90441DCE434700B74BE8 /* User.swift */; };
		E2EF90471DCE43DE00B74BE8 /* ImageModel.swift in Sources */ = {isa = PBXBuildFile; fileRef = E2EF90461DCE43DE00B74BE8 /* ImageModel.swift */; };
		E2EF90491DCF12A100B74BE8 /* Product.swift in Sources */ = {isa = PBXBuildFile; fileRef = E2EF90481DCF12A100B74BE8 /* Product.swift */; };
		E2EF904B1DCF14A500B74BE8 /* LoginDetails.swift in Sources */ = {isa = PBXBuildFile; fileRef = E2EF904A1DCF14A500B74BE8 /* LoginDetails.swift */; };
		E83C1C851DB4CE2E00CA7221 /* AppDelegate.swift in Sources */ = {isa = PBXBuildFile; fileRef = E83C1C841DB4CE2E00CA7221 /* AppDelegate.swift */; };
		E83C1C8A1DB4CE2E00CA7221 /* Main.storyboard in Resources */ = {isa = PBXBuildFile; fileRef = E83C1C881DB4CE2E00CA7221 /* Main.storyboard */; };
		E83C1C8C1DB4CE2E00CA7221 /* Assets.xcassets in Resources */ = {isa = PBXBuildFile; fileRef = E83C1C8B1DB4CE2E00CA7221 /* Assets.xcassets */; };
		E83C1C8F1DB4CE2E00CA7221 /* LaunchScreen.storyboard in Resources */ = {isa = PBXBuildFile; fileRef = E83C1C8D1DB4CE2E00CA7221 /* LaunchScreen.storyboard */; };
		E83C1C971DB5144400CA7221 /* SignInViewController.swift in Sources */ = {isa = PBXBuildFile; fileRef = E83C1C961DB5144400CA7221 /* SignInViewController.swift */; };
		E8FBDAB41DB64E57008D3C6F /* NewAccountViewController.swift in Sources */ = {isa = PBXBuildFile; fileRef = E8FBDAB31DB64E57008D3C6F /* NewAccountViewController.swift */; };
/* End PBXBuildFile section */

/* Begin PBXFileReference section */
		19BEDFF91DF18F0E000C9C12 /* Registration.swift */ = {isa = PBXFileReference; fileEncoding = 4; lastKnownFileType = sourcecode.swift; path = Registration.swift; sourceTree = "<group>"; };
		5B4C562F5F2884487C01E53D /* Pods-Hyprviscomatic.debug.xcconfig */ = {isa = PBXFileReference; includeInIndex = 1; lastKnownFileType = text.xcconfig; name = "Pods-Hyprviscomatic.debug.xcconfig"; path = "Pods/Target Support Files/Pods-Hyprviscomatic/Pods-Hyprviscomatic.debug.xcconfig"; sourceTree = "<group>"; };
		DE1DD5620A911C84B69D73BA /* Pods_Hyprviscomatic.framework */ = {isa = PBXFileReference; explicitFileType = wrapper.framework; includeInIndex = 0; path = Pods_Hyprviscomatic.framework; sourceTree = BUILT_PRODUCTS_DIR; };
		E2066FA41DD38877006548E9 /* MapSearchViewController.swift */ = {isa = PBXFileReference; fileEncoding = 4; lastKnownFileType = sourcecode.swift; path = MapSearchViewController.swift; sourceTree = "<group>"; };
		E2320FE51FD408FF00B2AE8E /* PaymentMethodController.swift */ = {isa = PBXFileReference; fileEncoding = 4; lastKnownFileType = sourcecode.swift; path = PaymentMethodController.swift; sourceTree = "<group>"; };
		E2320FE71FD433B700B2AE8E /* UploadImageController.swift */ = {isa = PBXFileReference; fileEncoding = 4; lastKnownFileType = sourcecode.swift; path = UploadImageController.swift; sourceTree = "<group>"; };
		E23ED1BA1DBE4E5E002BBD8A /* AddBranchViewController.swift */ = {isa = PBXFileReference; fileEncoding = 4; lastKnownFileType = sourcecode.swift; path = AddBranchViewController.swift; sourceTree = "<group>"; };
		E247AFD61F5332B500876A8E /* TextField.swift */ = {isa = PBXFileReference; fileEncoding = 4; lastKnownFileType = sourcecode.swift; path = TextField.swift; sourceTree = "<group>"; };
		E24CCE711F530EB800430C17 /* ImageUITextField.swift */ = {isa = PBXFileReference; fileEncoding = 4; lastKnownFileType = sourcecode.swift; path = ImageUITextField.swift; sourceTree = "<group>"; };
		E259693B1DB90CF600CCF7E8 /* MenuViewController.swift */ = {isa = PBXFileReference; fileEncoding = 4; lastKnownFileType = sourcecode.swift; path = MenuViewController.swift; sourceTree = "<group>"; };
		E26EDB2C1DD3C82900423847 /* Constants.swift */ = {isa = PBXFileReference; fileEncoding = 4; lastKnownFileType = sourcecode.swift; path = Constants.swift; sourceTree = "<group>"; };
		E26EDB2F1DD4927A00423847 /* APIHandler.swift */ = {isa = PBXFileReference; fileEncoding = 4; lastKnownFileType = sourcecode.swift; path = APIHandler.swift; sourceTree = "<group>"; };
		E26EDB321DD49B0700423847 /* OrderHistoryViewController.swift */ = {isa = PBXFileReference; fileEncoding = 4; lastKnownFileType = sourcecode.swift; path = OrderHistoryViewController.swift; sourceTree = "<group>"; };
		E26EDB341DD49B3E00423847 /* Order.swift */ = {isa = PBXFileReference; fileEncoding = 4; lastKnownFileType = sourcecode.swift; path = Order.swift; sourceTree = "<group>"; };
		E26EDB361DD4A34300423847 /* Item.swift */ = {isa = PBXFileReference; fileEncoding = 4; lastKnownFileType = sourcecode.swift; path = Item.swift; sourceTree = "<group>"; };
		E26EDB381DD4AD4C00423847 /* OrderDetailsViewController.swift */ = {isa = PBXFileReference; fileEncoding = 4; lastKnownFileType = sourcecode.swift; path = OrderDetailsViewController.swift; sourceTree = "<group>"; };
		E2B701B51DF8B75200CA9D51 /* CoreData.framework */ = {isa = PBXFileReference; lastKnownFileType = wrapper.framework; name = CoreData.framework; path = System/Library/Frameworks/CoreData.framework; sourceTree = SDKROOT; };
		E2B701B91DF8B7BC00CA9D51 /* hyprviscomatic.xcdatamodel */ = {isa = PBXFileReference; lastKnownFileType = wrapper.xcdatamodel; path = hyprviscomatic.xcdatamodel; sourceTree = "<group>"; };
		E2BEB4D11DB90E8A00F8764A /* BaseViewController.swift */ = {isa = PBXFileReference; fileEncoding = 4; lastKnownFileType = sourcecode.swift; path = BaseViewController.swift; sourceTree = "<group>"; };
		E2BEB4D51DB90F9A00F8764A /* ShoppingCartViewController.swift */ = {isa = PBXFileReference; fileEncoding = 4; lastKnownFileType = sourcecode.swift; path = ShoppingCartViewController.swift; sourceTree = "<group>"; };
		E2BEB4D71DBBA72D00F8764A /* DistributorViewController.swift */ = {isa = PBXFileReference; fileEncoding = 4; lastKnownFileType = sourcecode.swift; path = DistributorViewController.swift; sourceTree = "<group>"; };
		E2D0954E1E22793100F269F7 /* ProductNameViewController.swift */ = {isa = PBXFileReference; fileEncoding = 4; lastKnownFileType = sourcecode.swift; path = ProductNameViewController.swift; sourceTree = "<group>"; };
		E2D095541E23DF9200F269F7 /* TableViewCell.swift */ = {isa = PBXFileReference; fileEncoding = 4; lastKnownFileType = sourcecode.swift; path = TableViewCell.swift; sourceTree = "<group>"; };
		E2D095561E23DFB600F269F7 /* ProductsViewController.swift */ = {isa = PBXFileReference; fileEncoding = 4; lastKnownFileType = sourcecode.swift; path = ProductsViewController.swift; sourceTree = "<group>"; };
		E2EF90321DC9EC0900B74BE8 /* BranchesViewController.swift */ = {isa = PBXFileReference; fileEncoding = 4; lastKnownFileType = sourcecode.swift; path = BranchesViewController.swift; sourceTree = "<group>"; };
		E2EF90341DC9EF9200B74BE8 /* NotifDetailsViewController.swift */ = {isa = PBXFileReference; fileEncoding = 4; lastKnownFileType = sourcecode.swift; path = NotifDetailsViewController.swift; sourceTree = "<group>"; };
		E2EF90361DC9F03A00B74BE8 /* NotifViewController.swift */ = {isa = PBXFileReference; fileEncoding = 4; lastKnownFileType = sourcecode.swift; path = NotifViewController.swift; sourceTree = "<group>"; };
		E2EF903B1DCBF53B00B74BE8 /* NotificationPost.swift */ = {isa = PBXFileReference; fileEncoding = 4; lastKnownFileType = sourcecode.swift; path = NotificationPost.swift; sourceTree = "<group>"; };
		E2EF90401DCBFB5100B74BE8 /* NotifCell.swift */ = {isa = PBXFileReference; fileEncoding = 4; lastKnownFileType = sourcecode.swift; path = NotifCell.swift; sourceTree = "<group>"; };
		E2EF90421DCE3D8A00B74BE8 /* Branch.swift */ = {isa = PBXFileReference; fileEncoding = 4; lastKnownFileType = sourcecode.swift; path = Branch.swift; sourceTree = "<group>"; };
		E2EF90441DCE434700B74BE8 /* User.swift */ = {isa = PBXFileReference; fileEncoding = 4; lastKnownFileType = sourcecode.swift; path = User.swift; sourceTree = "<group>"; };
		E2EF90461DCE43DE00B74BE8 /* ImageModel.swift */ = {isa = PBXFileReference; fileEncoding = 4; lastKnownFileType = sourcecode.swift; path = ImageModel.swift; sourceTree = "<group>"; };
		E2EF90481DCF12A100B74BE8 /* Product.swift */ = {isa = PBXFileReference; fileEncoding = 4; lastKnownFileType = sourcecode.swift; path = Product.swift; sourceTree = "<group>"; };
		E2EF904A1DCF14A500B74BE8 /* LoginDetails.swift */ = {isa = PBXFileReference; fileEncoding = 4; lastKnownFileType = sourcecode.swift; path = LoginDetails.swift; sourceTree = "<group>"; };
		E83C1C811DB4CE2E00CA7221 /* Hyprviscomatic.app */ = {isa = PBXFileReference; explicitFileType = wrapper.application; includeInIndex = 0; path = Hyprviscomatic.app; sourceTree = BUILT_PRODUCTS_DIR; };
		E83C1C841DB4CE2E00CA7221 /* AppDelegate.swift */ = {isa = PBXFileReference; lastKnownFileType = sourcecode.swift; path = AppDelegate.swift; sourceTree = "<group>"; };
		E83C1C891DB4CE2E00CA7221 /* Base */ = {isa = PBXFileReference; lastKnownFileType = file.storyboard; name = Base; path = Base.lproj/Main.storyboard; sourceTree = "<group>"; };
		E83C1C8B1DB4CE2E00CA7221 /* Assets.xcassets */ = {isa = PBXFileReference; lastKnownFileType = folder.assetcatalog; path = Assets.xcassets; sourceTree = "<group>"; };
		E83C1C8E1DB4CE2E00CA7221 /* Base */ = {isa = PBXFileReference; lastKnownFileType = file.storyboard; name = Base; path = Base.lproj/LaunchScreen.storyboard; sourceTree = "<group>"; };
		E83C1C901DB4CE2E00CA7221 /* Info.plist */ = {isa = PBXFileReference; lastKnownFileType = text.plist.xml; path = Info.plist; sourceTree = "<group>"; };
		E83C1C961DB5144400CA7221 /* SignInViewController.swift */ = {isa = PBXFileReference; fileEncoding = 4; lastKnownFileType = sourcecode.swift; path = SignInViewController.swift; sourceTree = "<group>"; };
		E8FBDAB31DB64E57008D3C6F /* NewAccountViewController.swift */ = {isa = PBXFileReference; fileEncoding = 4; lastKnownFileType = sourcecode.swift; path = NewAccountViewController.swift; sourceTree = "<group>"; };
		EB6CB5502C7DA5231EB9FE3B /* Pods-Hyprviscomatic.release.xcconfig */ = {isa = PBXFileReference; includeInIndex = 1; lastKnownFileType = text.xcconfig; name = "Pods-Hyprviscomatic.release.xcconfig"; path = "Pods/Target Support Files/Pods-Hyprviscomatic/Pods-Hyprviscomatic.release.xcconfig"; sourceTree = "<group>"; };
/* End PBXFileReference section */

/* Begin PBXFrameworksBuildPhase section */
		E83C1C7E1DB4CE2E00CA7221 /* Frameworks */ = {
			isa = PBXFrameworksBuildPhase;
			buildActionMask = 2147483647;
			files = (
				E2B701B61DF8B75200CA9D51 /* CoreData.framework in Frameworks */,
				ADA3ECACC295EF69F7405B9B /* Pods_Hyprviscomatic.framework in Frameworks */,
			);
			runOnlyForDeploymentPostprocessing = 0;
		};
/* End PBXFrameworksBuildPhase section */

/* Begin PBXGroup section */
		6B3C69FEC528AA57EB723B9A /* Frameworks */ = {
			isa = PBXGroup;
			children = (
				E2B701B51DF8B75200CA9D51 /* CoreData.framework */,
				DE1DD5620A911C84B69D73BA /* Pods_Hyprviscomatic.framework */,
			);
			name = Frameworks;
			sourceTree = "<group>";
		};
		DA5EDA7A63266F35E43F747A /* Pods */ = {
			isa = PBXGroup;
			children = (
				5B4C562F5F2884487C01E53D /* Pods-Hyprviscomatic.debug.xcconfig */,
				EB6CB5502C7DA5231EB9FE3B /* Pods-Hyprviscomatic.release.xcconfig */,
			);
			name = Pods;
			sourceTree = "<group>";
		};
		E26EDB2E1DD4925F00423847 /* Service */ = {
			isa = PBXGroup;
			children = (
				E26EDB2F1DD4927A00423847 /* APIHandler.swift */,
			);
			name = Service;
			sourceTree = "<group>";
		};
		E26EDB3C1DD4EBEF00423847 /* Notification */ = {
			isa = PBXGroup;
			children = (
				E2EF90341DC9EF9200B74BE8 /* NotifDetailsViewController.swift */,
				E2EF90361DC9F03A00B74BE8 /* NotifViewController.swift */,
			);
			name = Notification;
			sourceTree = "<group>";
		};
		E26EDB3D1DD4EBFE00423847 /* Order History */ = {
			isa = PBXGroup;
			children = (
				E26EDB321DD49B0700423847 /* OrderHistoryViewController.swift */,
				E26EDB381DD4AD4C00423847 /* OrderDetailsViewController.swift */,
				E2320FE51FD408FF00B2AE8E /* PaymentMethodController.swift */,
				E2320FE71FD433B700B2AE8E /* UploadImageController.swift */,
			);
			name = "Order History";
			sourceTree = "<group>";
		};
		E29057CF1E16632800AFEC41 /* Products */ = {
			isa = PBXGroup;
			children = (
				E2BEB4D51DB90F9A00F8764A /* ShoppingCartViewController.swift */,
				E2BEB4D71DBBA72D00F8764A /* DistributorViewController.swift */,
				E2D0954E1E22793100F269F7 /* ProductNameViewController.swift */,
				E2D095561E23DFB600F269F7 /* ProductsViewController.swift */,
			);
			name = Products;
			sourceTree = "<group>";
		};
		E29057D01E16633C00AFEC41 /* Account */ = {
			isa = PBXGroup;
			children = (
				E2EF90321DC9EC0900B74BE8 /* BranchesViewController.swift */,
				E23ED1BA1DBE4E5E002BBD8A /* AddBranchViewController.swift */,
				E83C1C961DB5144400CA7221 /* SignInViewController.swift */,
				E8FBDAB31DB64E57008D3C6F /* NewAccountViewController.swift */,
			);
			name = Account;
			sourceTree = "<group>";
		};
		E29057F71E2158B300AFEC41 /* Collection */ = {
			isa = PBXGroup;
			children = (
			);
			name = Collection;
			sourceTree = "<group>";
		};
		E2BEB4D91DBCD9D200F8764A /* Controller */ = {
			isa = PBXGroup;
			children = (
				E29057D01E16633C00AFEC41 /* Account */,
				E29057CF1E16632800AFEC41 /* Products */,
				E26EDB3D1DD4EBFE00423847 /* Order History */,
				E26EDB3C1DD4EBEF00423847 /* Notification */,
				E2066FA41DD38877006548E9 /* MapSearchViewController.swift */,
				E259693B1DB90CF600CCF7E8 /* MenuViewController.swift */,
				E2BEB4D11DB90E8A00F8764A /* BaseViewController.swift */,
			);
			name = Controller;
			sourceTree = "<group>";
		};
		E2EF903A1DCBF50700B74BE8 /* Model */ = {
			isa = PBXGroup;
			children = (
				E2EF903B1DCBF53B00B74BE8 /* NotificationPost.swift */,
				E2EF90421DCE3D8A00B74BE8 /* Branch.swift */,
				E2EF90441DCE434700B74BE8 /* User.swift */,
				E2EF90461DCE43DE00B74BE8 /* ImageModel.swift */,
				E2EF90481DCF12A100B74BE8 /* Product.swift */,
				E2EF904A1DCF14A500B74BE8 /* LoginDetails.swift */,
				E26EDB341DD49B3E00423847 /* Order.swift */,
				E26EDB361DD4A34300423847 /* Item.swift */,
				19BEDFF91DF18F0E000C9C12 /* Registration.swift */,
				E24CCE711F530EB800430C17 /* ImageUITextField.swift */,
				E247AFD61F5332B500876A8E /* TextField.swift */,
			);
			name = Model;
			sourceTree = "<group>";
		};
		E2EF903D1DCBFB1F00B74BE8 /* View */ = {
			isa = PBXGroup;
			children = (
				E2EF90401DCBFB5100B74BE8 /* NotifCell.swift */,
				E2D095541E23DF9200F269F7 /* TableViewCell.swift */,
			);
			name = View;
			sourceTree = "<group>";
		};
		E83C1C781DB4CE2E00CA7221 = {
			isa = PBXGroup;
			children = (
				E83C1C831DB4CE2E00CA7221 /* Hyprviscomatic */,
				E83C1C821DB4CE2E00CA7221 /* Products */,
				DA5EDA7A63266F35E43F747A /* Pods */,
				6B3C69FEC528AA57EB723B9A /* Frameworks */,
			);
			sourceTree = "<group>";
		};
		E83C1C821DB4CE2E00CA7221 /* Products */ = {
			isa = PBXGroup;
			children = (
				E83C1C811DB4CE2E00CA7221 /* Hyprviscomatic.app */,
			);
			name = Products;
			sourceTree = "<group>";
		};
		E83C1C831DB4CE2E00CA7221 /* Hyprviscomatic */ = {
			isa = PBXGroup;
			children = (
				E29057F71E2158B300AFEC41 /* Collection */,
				E26EDB2E1DD4925F00423847 /* Service */,
				E2EF903D1DCBFB1F00B74BE8 /* View */,
				E2EF903A1DCBF50700B74BE8 /* Model */,
				E2BEB4D91DBCD9D200F8764A /* Controller */,
				E83C1C841DB4CE2E00CA7221 /* AppDelegate.swift */,
				E83C1C881DB4CE2E00CA7221 /* Main.storyboard */,
				E83C1C8B1DB4CE2E00CA7221 /* Assets.xcassets */,
				E83C1C8D1DB4CE2E00CA7221 /* LaunchScreen.storyboard */,
				E83C1C901DB4CE2E00CA7221 /* Info.plist */,
				E26EDB2C1DD3C82900423847 /* Constants.swift */,
				E2B701B81DF8B7BC00CA9D51 /* hyprviscomatic.xcdatamodeld */,
			);
			name = Hyprviscomatic;
			path = Reseller;
			sourceTree = "<group>";
		};
/* End PBXGroup section */

/* Begin PBXNativeTarget section */
		E83C1C801DB4CE2E00CA7221 /* Hyprviscomatic */ = {
			isa = PBXNativeTarget;
			buildConfigurationList = E83C1C931DB4CE2E00CA7221 /* Build configuration list for PBXNativeTarget "Hyprviscomatic" */;
			buildPhases = (
				195C4EB4C79501630E445CC9 /* [CP] Check Pods Manifest.lock */,
				E83C1C7D1DB4CE2E00CA7221 /* Sources */,
				E83C1C7E1DB4CE2E00CA7221 /* Frameworks */,
				E83C1C7F1DB4CE2E00CA7221 /* Resources */,
				61A802C48DDF97238AF41ABF /* [CP] Embed Pods Frameworks */,
				EDADA72E9BED42766BD12F17 /* [CP] Copy Pods Resources */,
			);
			buildRules = (
			);
			dependencies = (
			);
			name = Hyprviscomatic;
			productName = Reseller;
			productReference = E83C1C811DB4CE2E00CA7221 /* Hyprviscomatic.app */;
			productType = "com.apple.product-type.application";
		};
/* End PBXNativeTarget section */

/* Begin PBXProject section */
		E83C1C791DB4CE2E00CA7221 /* Project object */ = {
			isa = PBXProject;
			attributes = {
				LastSwiftUpdateCheck = 0800;
				LastUpgradeCheck = 0820;
				ORGANIZATIONNAME = "Lady Toni Barretto";
				TargetAttributes = {
					E83C1C801DB4CE2E00CA7221 = {
						CreatedOnToolsVersion = 8.0;
						DevelopmentTeam = 5E9YCHY9TD;
						ProvisioningStyle = Automatic;
					};
				};
			};
			buildConfigurationList = E83C1C7C1DB4CE2E00CA7221 /* Build configuration list for PBXProject "Hyprviscomatic" */;
			compatibilityVersion = "Xcode 3.2";
			developmentRegion = English;
			hasScannedForEncodings = 0;
			knownRegions = (
				en,
				Base,
			);
			mainGroup = E83C1C781DB4CE2E00CA7221;
			productRefGroup = E83C1C821DB4CE2E00CA7221 /* Products */;
			projectDirPath = "";
			projectRoot = "";
			targets = (
				E83C1C801DB4CE2E00CA7221 /* Hyprviscomatic */,
			);
		};
/* End PBXProject section */

/* Begin PBXResourcesBuildPhase section */
		E83C1C7F1DB4CE2E00CA7221 /* Resources */ = {
			isa = PBXResourcesBuildPhase;
			buildActionMask = 2147483647;
			files = (
				E83C1C8F1DB4CE2E00CA7221 /* LaunchScreen.storyboard in Resources */,
				E83C1C8C1DB4CE2E00CA7221 /* Assets.xcassets in Resources */,
				E83C1C8A1DB4CE2E00CA7221 /* Main.storyboard in Resources */,
			);
			runOnlyForDeploymentPostprocessing = 0;
		};
/* End PBXResourcesBuildPhase section */

/* Begin PBXShellScriptBuildPhase section */
		195C4EB4C79501630E445CC9 /* [CP] Check Pods Manifest.lock */ = {
			isa = PBXShellScriptBuildPhase;
			buildActionMask = 2147483647;
			files = (
			);
			inputPaths = (
				"${PODS_PODFILE_DIR_PATH}/Podfile.lock",
				"${PODS_ROOT}/Manifest.lock",
			);
			name = "[CP] Check Pods Manifest.lock";
			outputPaths = (
				"$(DERIVED_FILE_DIR)/Pods-Hyprviscomatic-checkManifestLockResult.txt",
			);
			runOnlyForDeploymentPostprocessing = 0;
			shellPath = /bin/sh;
			shellScript = "diff \"${PODS_PODFILE_DIR_PATH}/Podfile.lock\" \"${PODS_ROOT}/Manifest.lock\" > /dev/null\nif [ $? != 0 ] ; then\n    # print error to STDERR\n    echo \"error: The sandbox is not in sync with the Podfile.lock. Run 'pod install' or update your CocoaPods installation.\" >&2\n    exit 1\nfi\n# This output is used by Xcode 'outputs' to avoid re-running this script phase.\necho \"SUCCESS\" > \"${SCRIPT_OUTPUT_FILE_0}\"\n";
			showEnvVarsInLog = 0;
		};
		61A802C48DDF97238AF41ABF /* [CP] Embed Pods Frameworks */ = {
			isa = PBXShellScriptBuildPhase;
			buildActionMask = 2147483647;
			files = (
			);
			inputPaths = (
				"${SRCROOT}/Pods/Target Support Files/Pods-Hyprviscomatic/Pods-Hyprviscomatic-frameworks.sh",
				"${BUILT_PRODUCTS_DIR}/SwiftyJSON/SwiftyJSON.framework",
			);
			name = "[CP] Embed Pods Frameworks";
			outputPaths = (
				"${TARGET_BUILD_DIR}/${FRAMEWORKS_FOLDER_PATH}/SwiftyJSON.framework",
			);
			runOnlyForDeploymentPostprocessing = 0;
			shellPath = /bin/sh;
			shellScript = "\"${SRCROOT}/Pods/Target Support Files/Pods-Hyprviscomatic/Pods-Hyprviscomatic-frameworks.sh\"\n";
			showEnvVarsInLog = 0;
		};
		EDADA72E9BED42766BD12F17 /* [CP] Copy Pods Resources */ = {
			isa = PBXShellScriptBuildPhase;
			buildActionMask = 2147483647;
			files = (
			);
			inputPaths = (
				"${SRCROOT}/Pods/Target Support Files/Pods-Hyprviscomatic/Pods-Hyprviscomatic-resources.sh",
				"${PODS_ROOT}/GoogleMaps/Maps/Frameworks/GoogleMaps.framework/Resources/GoogleMaps.bundle",
				"${PODS_ROOT}/GooglePlaces/Frameworks/GooglePlaces.framework/Resources/GooglePlaces.bundle",
			);
			name = "[CP] Copy Pods Resources";
			outputPaths = (
				"${TARGET_BUILD_DIR}/${UNLOCALIZED_RESOURCES_FOLDER_PATH}",
			);
			runOnlyForDeploymentPostprocessing = 0;
			shellPath = /bin/sh;
			shellScript = "\"${SRCROOT}/Pods/Target Support Files/Pods-Hyprviscomatic/Pods-Hyprviscomatic-resources.sh\"\n";
			showEnvVarsInLog = 0;
		};
/* End PBXShellScriptBuildPhase section */

/* Begin PBXSourcesBuildPhase section */
		E83C1C7D1DB4CE2E00CA7221 /* Sources */ = {
			isa = PBXSourcesBuildPhase;
			buildActionMask = 2147483647;
			files = (
				E2320FE61FD408FF00B2AE8E /* PaymentMethodController.swift in Sources */,
				E2EF90331DC9EC0900B74BE8 /* BranchesViewController.swift in Sources */,
				E2BEB4D81DBBA72D00F8764A /* DistributorViewController.swift in Sources */,
				E2EF90411DCBFB5100B74BE8 /* NotifCell.swift in Sources */,
				E2D0954F1E22793100F269F7 /* ProductNameViewController.swift in Sources */,
				E259693C1DB90CF600CCF7E8 /* MenuViewController.swift in Sources */,
				E2EF90451DCE434700B74BE8 /* User.swift in Sources */,
				E26EDB371DD4A34300423847 /* Item.swift in Sources */,
				E2EF90371DC9F03A00B74BE8 /* NotifViewController.swift in Sources */,
				E23ED1BB1DBE4E5E002BBD8A /* AddBranchViewController.swift in Sources */,
				E2D095551E23DF9200F269F7 /* TableViewCell.swift in Sources */,
				E2EF904B1DCF14A500B74BE8 /* LoginDetails.swift in Sources */,
				E2BEB4D61DB90F9A00F8764A /* ShoppingCartViewController.swift in Sources */,
				E24CCE721F530EB800430C17 /* ImageUITextField.swift in Sources */,
				E26EDB391DD4AD4C00423847 /* OrderDetailsViewController.swift in Sources */,
				E2EF90431DCE3D8A00B74BE8 /* Branch.swift in Sources */,
				E2EF90351DC9EF9200B74BE8 /* NotifDetailsViewController.swift in Sources */,
				E26EDB2D1DD3C82900423847 /* Constants.swift in Sources */,
				E83C1C851DB4CE2E00CA7221 /* AppDelegate.swift in Sources */,
				E2EF90491DCF12A100B74BE8 /* Product.swift in Sources */,
				E247AFD71F5332B500876A8E /* TextField.swift in Sources */,
				19BEDFFA1DF18F0E000C9C12 /* Registration.swift in Sources */,
				E2EF90471DCE43DE00B74BE8 /* ImageModel.swift in Sources */,
				E26EDB301DD4927A00423847 /* APIHandler.swift in Sources */,
				E2B701BA1DF8B7BC00CA9D51 /* hyprviscomatic.xcdatamodeld in Sources */,
				E2EF903C1DCBF53B00B74BE8 /* NotificationPost.swift in Sources */,
				E26EDB351DD49B3E00423847 /* Order.swift in Sources */,
				E2D095571E23DFB600F269F7 /* ProductsViewController.swift in Sources */,
				E8FBDAB41DB64E57008D3C6F /* NewAccountViewController.swift in Sources */,
				E2BEB4D21DB90E8A00F8764A /* BaseViewController.swift in Sources */,
				E2066FA51DD38878006548E9 /* MapSearchViewController.swift in Sources */,
				E2320FE81FD433B700B2AE8E /* UploadImageController.swift in Sources */,
				E83C1C971DB5144400CA7221 /* SignInViewController.swift in Sources */,
				E26EDB331DD49B0700423847 /* OrderHistoryViewController.swift in Sources */,
			);
			runOnlyForDeploymentPostprocessing = 0;
		};
/* End PBXSourcesBuildPhase section */

/* Begin PBXVariantGroup section */
		E83C1C881DB4CE2E00CA7221 /* Main.storyboard */ = {
			isa = PBXVariantGroup;
			children = (
				E83C1C891DB4CE2E00CA7221 /* Base */,
			);
			name = Main.storyboard;
			sourceTree = "<group>";
		};
		E83C1C8D1DB4CE2E00CA7221 /* LaunchScreen.storyboard */ = {
			isa = PBXVariantGroup;
			children = (
				E83C1C8E1DB4CE2E00CA7221 /* Base */,
			);
			name = LaunchScreen.storyboard;
			sourceTree = "<group>";
		};
/* End PBXVariantGroup section */

/* Begin XCBuildConfiguration section */
		E83C1C911DB4CE2E00CA7221 /* Debug */ = {
			isa = XCBuildConfiguration;
			buildSettings = {
				ALWAYS_SEARCH_USER_PATHS = NO;
				CLANG_ANALYZER_NONNULL = YES;
				CLANG_CXX_LANGUAGE_STANDARD = "gnu++0x";
				CLANG_CXX_LIBRARY = "libc++";
				CLANG_ENABLE_MODULES = YES;
				CLANG_ENABLE_OBJC_ARC = YES;
				CLANG_WARN_BOOL_CONVERSION = YES;
				CLANG_WARN_CONSTANT_CONVERSION = YES;
				CLANG_WARN_DIRECT_OBJC_ISA_USAGE = YES_ERROR;
				CLANG_WARN_DOCUMENTATION_COMMENTS = YES;
				CLANG_WARN_EMPTY_BODY = YES;
				CLANG_WARN_ENUM_CONVERSION = YES;
				CLANG_WARN_INFINITE_RECURSION = YES;
				CLANG_WARN_INT_CONVERSION = YES;
				CLANG_WARN_OBJC_ROOT_CLASS = YES_ERROR;
				CLANG_WARN_SUSPICIOUS_MOVE = YES;
				CLANG_WARN_SUSPICIOUS_MOVES = YES;
				CLANG_WARN_UNREACHABLE_CODE = YES;
				CLANG_WARN__DUPLICATE_METHOD_MATCH = YES;
				"CODE_SIGN_IDENTITY[sdk=iphoneos*]" = "iPhone Developer";
				COPY_PHASE_STRIP = NO;
				DEBUG_INFORMATION_FORMAT = dwarf;
				ENABLE_STRICT_OBJC_MSGSEND = YES;
				ENABLE_TESTABILITY = YES;
				GCC_C_LANGUAGE_STANDARD = gnu99;
				GCC_DYNAMIC_NO_PIC = NO;
				GCC_NO_COMMON_BLOCKS = YES;
				GCC_OPTIMIZATION_LEVEL = 0;
				GCC_PREPROCESSOR_DEFINITIONS = (
					"DEBUG=1",
					"$(inherited)",
				);
				GCC_WARN_64_TO_32_BIT_CONVERSION = YES;
				GCC_WARN_ABOUT_RETURN_TYPE = YES_ERROR;
				GCC_WARN_UNDECLARED_SELECTOR = YES;
				GCC_WARN_UNINITIALIZED_AUTOS = YES_AGGRESSIVE;
				GCC_WARN_UNUSED_FUNCTION = YES;
				GCC_WARN_UNUSED_VARIABLE = YES;
				IPHONEOS_DEPLOYMENT_TARGET = 10.0;
				MTL_ENABLE_DEBUG_INFO = YES;
				ONLY_ACTIVE_ARCH = YES;
				SDKROOT = iphoneos;
				SWIFT_ACTIVE_COMPILATION_CONDITIONS = DEBUG;
				SWIFT_OPTIMIZATION_LEVEL = "-Onone";
				TARGETED_DEVICE_FAMILY = "1,2";
			};
			name = Debug;
		};
		E83C1C921DB4CE2E00CA7221 /* Release */ = {
			isa = XCBuildConfiguration;
			buildSettings = {
				ALWAYS_SEARCH_USER_PATHS = NO;
				CLANG_ANALYZER_NONNULL = YES;
				CLANG_CXX_LANGUAGE_STANDARD = "gnu++0x";
				CLANG_CXX_LIBRARY = "libc++";
				CLANG_ENABLE_MODULES = YES;
				CLANG_ENABLE_OBJC_ARC = YES;
				CLANG_WARN_BOOL_CONVERSION = YES;
				CLANG_WARN_CONSTANT_CONVERSION = YES;
				CLANG_WARN_DIRECT_OBJC_ISA_USAGE = YES_ERROR;
				CLANG_WARN_DOCUMENTATION_COMMENTS = YES;
				CLANG_WARN_EMPTY_BODY = YES;
				CLANG_WARN_ENUM_CONVERSION = YES;
				CLANG_WARN_INFINITE_RECURSION = YES;
				CLANG_WARN_INT_CONVERSION = YES;
				CLANG_WARN_OBJC_ROOT_CLASS = YES_ERROR;
				CLANG_WARN_SUSPICIOUS_MOVE = YES;
				CLANG_WARN_SUSPICIOUS_MOVES = YES;
				CLANG_WARN_UNREACHABLE_CODE = YES;
				CLANG_WARN__DUPLICATE_METHOD_MATCH = YES;
				"CODE_SIGN_IDENTITY[sdk=iphoneos*]" = "iPhone Developer";
				COPY_PHASE_STRIP = NO;
				DEBUG_INFORMATION_FORMAT = "dwarf-with-dsym";
				ENABLE_NS_ASSERTIONS = NO;
				ENABLE_STRICT_OBJC_MSGSEND = YES;
				GCC_C_LANGUAGE_STANDARD = gnu99;
				GCC_NO_COMMON_BLOCKS = YES;
				GCC_WARN_64_TO_32_BIT_CONVERSION = YES;
				GCC_WARN_ABOUT_RETURN_TYPE = YES_ERROR;
				GCC_WARN_UNDECLARED_SELECTOR = YES;
				GCC_WARN_UNINITIALIZED_AUTOS = YES_AGGRESSIVE;
				GCC_WARN_UNUSED_FUNCTION = YES;
				GCC_WARN_UNUSED_VARIABLE = YES;
				IPHONEOS_DEPLOYMENT_TARGET = 10.0;
				MTL_ENABLE_DEBUG_INFO = NO;
				SDKROOT = iphoneos;
				SWIFT_OPTIMIZATION_LEVEL = "-Owholemodule";
				TARGETED_DEVICE_FAMILY = "1,2";
				VALIDATE_PRODUCT = YES;
			};
			name = Release;
		};
		E83C1C941DB4CE2E00CA7221 /* Debug */ = {
			isa = XCBuildConfiguration;
			baseConfigurationReference = 5B4C562F5F2884487C01E53D /* Pods-Hyprviscomatic.debug.xcconfig */;
			buildSettings = {
				ALWAYS_EMBED_SWIFT_STANDARD_LIBRARIES = YES;
				ASSETCATALOG_COMPILER_APPICON_NAME = AppIcon;
				CODE_SIGN_IDENTITY = "iPhone Developer";
				DEVELOPMENT_TEAM = 5E9YCHY9TD;
				INFOPLIST_FILE = Reseller/Info.plist;
				IPHONEOS_DEPLOYMENT_TARGET = 9.1;
				LD_RUNPATH_SEARCH_PATHS = "$(inherited) @executable_path/Frameworks";
				PRODUCT_BUNDLE_IDENTIFIER = com.ios.hyprviscomatic;
				PRODUCT_NAME = "$(TARGET_NAME)";
				SWIFT_VERSION = 3.0;
				TARGETED_DEVICE_FAMILY = 1;
			};
			name = Debug;
		};
		E83C1C951DB4CE2E00CA7221 /* Release */ = {
			isa = XCBuildConfiguration;
			baseConfigurationReference = EB6CB5502C7DA5231EB9FE3B /* Pods-Hyprviscomatic.release.xcconfig */;
			buildSettings = {
				ALWAYS_EMBED_SWIFT_STANDARD_LIBRARIES = YES;
				ASSETCATALOG_COMPILER_APPICON_NAME = AppIcon;
				CODE_SIGN_IDENTITY = "iPhone Developer";
				DEVELOPMENT_TEAM = 5E9YCHY9TD;
				INFOPLIST_FILE = Reseller/Info.plist;
				IPHONEOS_DEPLOYMENT_TARGET = 9.1;
				LD_RUNPATH_SEARCH_PATHS = "$(inherited) @executable_path/Frameworks";
				PRODUCT_BUNDLE_IDENTIFIER = com.ios.hyprviscomatic;
				PRODUCT_NAME = "$(TARGET_NAME)";
				SWIFT_VERSION = 3.0;
				TARGETED_DEVICE_FAMILY = 1;
			};
			name = Release;
		};
/* End XCBuildConfiguration section */

/* Begin XCConfigurationList section */
		E83C1C7C1DB4CE2E00CA7221 /* Build configuration list for PBXProject "Hyprviscomatic" */ = {
			isa = XCConfigurationList;
			buildConfigurations = (
				E83C1C911DB4CE2E00CA7221 /* Debug */,
				E83C1C921DB4CE2E00CA7221 /* Release */,
			);
			defaultConfigurationIsVisible = 0;
			defaultConfigurationName = Release;
		};
		E83C1C931DB4CE2E00CA7221 /* Build configuration list for PBXNativeTarget "Hyprviscomatic" */ = {
			isa = XCConfigurationList;
			buildConfigurations = (
				E83C1C941DB4CE2E00CA7221 /* Debug */,
				E83C1C951DB4CE2E00CA7221 /* Release */,
			);
			defaultConfigurationIsVisible = 0;
			defaultConfigurationName = Release;
		};
/* End XCConfigurationList section */

/* Begin XCVersionGroup section */
		E2B701B81DF8B7BC00CA9D51 /* hyprviscomatic.xcdatamodeld */ = {
			isa = XCVersionGroup;
			children = (
				E2B701B91DF8B7BC00CA9D51 /* hyprviscomatic.xcdatamodel */,
			);
			currentVersion = E2B701B91DF8B7BC00CA9D51 /* hyprviscomatic.xcdatamodel */;
			path = hyprviscomatic.xcdatamodeld;
			sourceTree = "<group>";
			versionGroupType = wrapper.xcdatamodel;
		};
/* End XCVersionGroup section */
	};
	rootObject = E83C1C791DB4CE2E00CA7221 /* Project object */;
}
